
Microsoft Visual Studio Solution File, Format Version 12.00
# Visual Studio Version 16
VisualStudioVersion = 16.0.31729.503
MinimumVisualStudioVersion = 10.0.40219.1
Project("{FAE04EC0-301F-11D3-BF4B-00C04F79EFBC}") = "Entity.Api.Zip", "Entity.Api.Zip\Entity.Api.Zip.csproj", "{648DDB1D-B393-4B88-BA19-9AF1B97701A5}"
EndProject
Global
	GlobalSection(SolutionConfigurationPlatforms) = preSolution
		Debug|Any CPU = Debug|Any CPU
		Release|Any CPU = Release|Any CPU
	EndGlobalSection
	GlobalSection(ProjectConfigurationPlatforms) = postSolution
		{648DDB1D-B393-4B88-BA19-9AF1B97701A5}.Debug|Any CPU.ActiveCfg = Debug|Any CPU
		{648DDB1D-B393-4B88-BA19-9AF1B97701A5}.Debug|Any CPU.Build.0 = Debug|Any CPU
		{648DDB1D-B393-4B88-BA19-9AF1B97701A5}.Release|Any CPU.ActiveCfg = Release|Any CPU
		{648DDB1D-B393-4B88-BA19-9AF1B97701A5}.Release|Any CPU.Build.0 = Release|Any CPU
	EndGlobalSection
	GlobalSection(SolutionProperties) = preSolution
		HideSolutionNode = FALSE
	EndGlobalSection
	GlobalSection(ExtensibilityGlobals) = postSolution
		SolutionGuid = {22F61ACE-70F2-42FB-8701-FC95E528758D}
	EndGlobalSection
EndGlobal
